
Microsoft Visual Studio Solution File, Format Version 12.00
# Visual Studio 14
VisualStudioVersion = 14.0.23107.0
MinimumVisualStudioVersion = 10.0.40219.1
Project("{FAE04EC0-301F-11D3-BF4B-00C04F79EFBC}") = "AplikasiJadwal", "AplikasiJadwal\AplikasiJadwal.csproj", "{E2A561A7-7357-43CB-BDD9-883E77D2C9AB}"
EndProject
Global
	GlobalSection(SolutionConfigurationPlatforms) = preSolution
		Debug|Any CPU = Debug|Any CPU
		Release|Any CPU = Release|Any CPU
	EndGlobalSection
	GlobalSection(ProjectConfigurationPlatforms) = postSolution
		{E2A561A7-7357-43CB-BDD9-883E77D2C9AB}.Debug|Any CPU.ActiveCfg = Debug|Any CPU
		{E2A561A7-7357-43CB-BDD9-883E77D2C9AB}.Debug|Any CPU.Build.0 = Debug|Any CPU
		{E2A561A7-7357-43CB-BDD9-883E77D2C9AB}.Release|Any CPU.ActiveCfg = Release|Any CPU
		{E2A561A7-7357-43CB-BDD9-883E77D2C9AB}.Release|Any CPU.Build.0 = Release|Any CPU
	EndGlobalSection
	GlobalSection(SolutionProperties) = preSolution
		HideSolutionNode = FALSE
	EndGlobalSection
EndGlobal
